<?xml version="1.0" encoding="UTF-8" standalone="yes" ?>
<CodeBlocks_project_file>
	<FileVersion major="1" minor="6" />
	<Project>
		<Option title="DC_motor_FC" />
		<Option pch_mode="2" />
		<Option compiler="gcc" />
		<Build>
			<Target title="Debug">
				<Option output="bin/Debug/DC_motor_FC" prefix_auto="1" extension_auto="1" />
				<Option object_output="obj/Debug/" />
				<Option type="1" />
				<Option compiler="gcc" />
				<Compiler>
					<Add option="-std=c++11" />
					<Add option="-g" />
				</Compiler>
			</Target>
			<Target title="Release">
				<Option output="bin/Release/DC_motor_FC" prefix_auto="1" extension_auto="1" />
				<Option object_output="obj/Release/" />
				<Option type="1" />
				<Option compiler="gcc" />
				<Compiler>
					<Add option="-O2" />
					<Add option="-std=c++11" />
				</Compiler>
				<Linker>
					<Add option="-s" />
				</Linker>
			</Target>
		</Build>
		<Compiler>
			<Add option="-Wall" />
			<Add option="-fexceptions" />
		</Compiler>
		<Unit filename="fuzzylite/fl/Console.h" />
		<Unit filename="fuzzylite/fl/Engine.h" />
		<Unit filename="fuzzylite/fl/Exception.h" />
		<Unit filename="fuzzylite/fl/Headers.h" />
		<Unit filename="fuzzylite/fl/Operation.h" />
		<Unit filename="fuzzylite/fl/defuzzifier/Bisector.h" />
		<Unit filename="fuzzylite/fl/defuzzifier/Centroid.h" />
		<Unit filename="fuzzylite/fl/defuzzifier/Defuzzifier.h" />
		<Unit filename="fuzzylite/fl/defuzzifier/IntegralDefuzzifier.h" />
		<Unit filename="fuzzylite/fl/defuzzifier/LargestOfMaximum.h" />
		<Unit filename="fuzzylite/fl/defuzzifier/MeanOfMaximum.h" />
		<Unit filename="fuzzylite/fl/defuzzifier/SmallestOfMaximum.h" />
		<Unit filename="fuzzylite/fl/defuzzifier/Tsukamoto.h" />
		<Unit filename="fuzzylite/fl/defuzzifier/WeightedAverage.h" />
		<Unit filename="fuzzylite/fl/defuzzifier/WeightedSum.h" />
		<Unit filename="fuzzylite/fl/factory/DefuzzifierFactory.h" />
		<Unit filename="fuzzylite/fl/factory/Factory.h" />
		<Unit filename="fuzzylite/fl/factory/FactoryManager.h" />
		<Unit filename="fuzzylite/fl/factory/HedgeFactory.h" />
		<Unit filename="fuzzylite/fl/factory/SNormFactory.h" />
		<Unit filename="fuzzylite/fl/factory/TNormFactory.h" />
		<Unit filename="fuzzylite/fl/factory/TermFactory.h" />
		<Unit filename="fuzzylite/fl/fuzzylite.h" />
		<Unit filename="fuzzylite/fl/hedge/Any.h" />
		<Unit filename="fuzzylite/fl/hedge/Extremely.h" />
		<Unit filename="fuzzylite/fl/hedge/Hedge.h" />
		<Unit filename="fuzzylite/fl/hedge/Not.h" />
		<Unit filename="fuzzylite/fl/hedge/Seldom.h" />
		<Unit filename="fuzzylite/fl/hedge/Somewhat.h" />
		<Unit filename="fuzzylite/fl/hedge/Very.h" />
		<Unit filename="fuzzylite/fl/imex/CppExporter.h" />
		<Unit filename="fuzzylite/fl/imex/Exporter.h" />
		<Unit filename="fuzzylite/fl/imex/FclExporter.h" />
		<Unit filename="fuzzylite/fl/imex/FclImporter.h" />
		<Unit filename="fuzzylite/fl/imex/FisExporter.h" />
		<Unit filename="fuzzylite/fl/imex/FisImporter.h" />
		<Unit filename="fuzzylite/fl/imex/FldExporter.h" />
		<Unit filename="fuzzylite/fl/imex/FllExporter.h" />
		<Unit filename="fuzzylite/fl/imex/FllImporter.h" />
		<Unit filename="fuzzylite/fl/imex/Importer.h" />
		<Unit filename="fuzzylite/fl/imex/JavaExporter.h" />
		<Unit filename="fuzzylite/fl/norm/Norm.h" />
		<Unit filename="fuzzylite/fl/norm/SNorm.h" />
		<Unit filename="fuzzylite/fl/norm/TNorm.h" />
		<Unit filename="fuzzylite/fl/norm/s/AlgebraicSum.h" />
		<Unit filename="fuzzylite/fl/norm/s/BoundedSum.h" />
		<Unit filename="fuzzylite/fl/norm/s/DrasticSum.h" />
		<Unit filename="fuzzylite/fl/norm/s/EinsteinSum.h" />
		<Unit filename="fuzzylite/fl/norm/s/HamacherSum.h" />
		<Unit filename="fuzzylite/fl/norm/s/Maximum.h" />
		<Unit filename="fuzzylite/fl/norm/s/NormalizedSum.h" />
		<Unit filename="fuzzylite/fl/norm/t/AlgebraicProduct.h" />
		<Unit filename="fuzzylite/fl/norm/t/BoundedDifference.h" />
		<Unit filename="fuzzylite/fl/norm/t/DrasticProduct.h" />
		<Unit filename="fuzzylite/fl/norm/t/EinsteinProduct.h" />
		<Unit filename="fuzzylite/fl/norm/t/HamacherProduct.h" />
		<Unit filename="fuzzylite/fl/norm/t/Minimum.h" />
		<Unit filename="fuzzylite/fl/rule/Antecedent.h" />
		<Unit filename="fuzzylite/fl/rule/Consequent.h" />
		<Unit filename="fuzzylite/fl/rule/Expression.h" />
		<Unit filename="fuzzylite/fl/rule/Rule.h" />
		<Unit filename="fuzzylite/fl/rule/RuleBlock.h" />
		<Unit filename="fuzzylite/fl/term/Accumulated.h" />
		<Unit filename="fuzzylite/fl/term/Bell.h" />
		<Unit filename="fuzzylite/fl/term/Constant.h" />
		<Unit filename="fuzzylite/fl/term/Discrete.h" />
		<Unit filename="fuzzylite/fl/term/Function.h" />
		<Unit filename="fuzzylite/fl/term/Gaussian.h" />
		<Unit filename="fuzzylite/fl/term/GaussianProduct.h" />
		<Unit filename="fuzzylite/fl/term/Linear.h" />
		<Unit filename="fuzzylite/fl/term/PiShape.h" />
		<Unit filename="fuzzylite/fl/term/Ramp.h" />
		<Unit filename="fuzzylite/fl/term/Rectangle.h" />
		<Unit filename="fuzzylite/fl/term/SShape.h" />
		<Unit filename="fuzzylite/fl/term/Sigmoid.h" />
		<Unit filename="fuzzylite/fl/term/SigmoidDifference.h" />
		<Unit filename="fuzzylite/fl/term/SigmoidProduct.h" />
		<Unit filename="fuzzylite/fl/term/Term.h" />
		<Unit filename="fuzzylite/fl/term/Thresholded.h" />
		<Unit filename="fuzzylite/fl/term/Trapezoid.h" />
		<Unit filename="fuzzylite/fl/term/Triangle.h" />
		<Unit filename="fuzzylite/fl/term/ZShape.h" />
		<Unit filename="fuzzylite/fl/variable/InputVariable.h" />
		<Unit filename="fuzzylite/fl/variable/OutputVariable.h" />
		<Unit filename="fuzzylite/fl/variable/Variable.h" />
		<Unit filename="fuzzylite/src/Console.cpp" />
		<Unit filename="fuzzylite/src/Engine.cpp" />
		<Unit filename="fuzzylite/src/Exception.cpp" />
		<Unit filename="fuzzylite/src/Operation.cpp" />
		<Unit filename="fuzzylite/src/defuzzifier/Bisector.cpp" />
		<Unit filename="fuzzylite/src/defuzzifier/Centroid.cpp" />
		<Unit filename="fuzzylite/src/defuzzifier/IntegralDefuzzifier.cpp" />
		<Unit filename="fuzzylite/src/defuzzifier/LargestOfMaximum.cpp" />
		<Unit filename="fuzzylite/src/defuzzifier/MeanOfMaximum.cpp" />
		<Unit filename="fuzzylite/src/defuzzifier/SmallestOfMaximum.cpp" />
		<Unit filename="fuzzylite/src/defuzzifier/Tsukamoto.cpp" />
		<Unit filename="fuzzylite/src/defuzzifier/WeightedAverage.cpp" />
		<Unit filename="fuzzylite/src/defuzzifier/WeightedSum.cpp" />
		<Unit filename="fuzzylite/src/factory/DefuzzifierFactory.cpp" />
		<Unit filename="fuzzylite/src/factory/Factory.cpp" />
		<Unit filename="fuzzylite/src/factory/FactoryManager.cpp" />
		<Unit filename="fuzzylite/src/factory/HedgeFactory.cpp" />
		<Unit filename="fuzzylite/src/factory/SNormFactory.cpp" />
		<Unit filename="fuzzylite/src/factory/TNormFactory.cpp" />
		<Unit filename="fuzzylite/src/factory/TermFactory.cpp" />
		<Unit filename="fuzzylite/src/fuzzylite.cpp" />
		<Unit filename="fuzzylite/src/hedge/Any.cpp" />
		<Unit filename="fuzzylite/src/hedge/Extremely.cpp" />
		<Unit filename="fuzzylite/src/hedge/Not.cpp" />
		<Unit filename="fuzzylite/src/hedge/Seldom.cpp" />
		<Unit filename="fuzzylite/src/hedge/Somewhat.cpp" />
		<Unit filename="fuzzylite/src/hedge/Very.cpp" />
		<Unit filename="fuzzylite/src/imex/CppExporter.cpp" />
		<Unit filename="fuzzylite/src/imex/FclExporter.cpp" />
		<Unit filename="fuzzylite/src/imex/FclImporter.cpp" />
		<Unit filename="fuzzylite/src/imex/FisExporter.cpp" />
		<Unit filename="fuzzylite/src/imex/FisImporter.cpp" />
		<Unit filename="fuzzylite/src/imex/FldExporter.cpp" />
		<Unit filename="fuzzylite/src/imex/FllExporter.cpp" />
		<Unit filename="fuzzylite/src/imex/FllImporter.cpp" />
		<Unit filename="fuzzylite/src/imex/JavaExporter.cpp" />
		<Unit filename="fuzzylite/src/norm/s/AlgebraicSum.cpp" />
		<Unit filename="fuzzylite/src/norm/s/BoundedSum.cpp" />
		<Unit filename="fuzzylite/src/norm/s/DrasticSum.cpp" />
		<Unit filename="fuzzylite/src/norm/s/EinsteinSum.cpp" />
		<Unit filename="fuzzylite/src/norm/s/HamacherSum.cpp" />
		<Unit filename="fuzzylite/src/norm/s/Maximum.cpp" />
		<Unit filename="fuzzylite/src/norm/s/NormalizedSum.cpp" />
		<Unit filename="fuzzylite/src/norm/t/AlgebraicProduct.cpp" />
		<Unit filename="fuzzylite/src/norm/t/BoundedDifference.cpp" />
		<Unit filename="fuzzylite/src/norm/t/DrasticProduct.cpp" />
		<Unit filename="fuzzylite/src/norm/t/EinsteinProduct.cpp" />
		<Unit filename="fuzzylite/src/norm/t/HamacherProduct.cpp" />
		<Unit filename="fuzzylite/src/norm/t/Minimum.cpp" />
		<Unit filename="fuzzylite/src/rule/Antecedent.cpp" />
		<Unit filename="fuzzylite/src/rule/Consequent.cpp" />
		<Unit filename="fuzzylite/src/rule/Expression.cpp" />
		<Unit filename="fuzzylite/src/rule/Rule.cpp" />
		<Unit filename="fuzzylite/src/rule/RuleBlock.cpp" />
		<Unit filename="fuzzylite/src/term/Accumulated.cpp" />
		<Unit filename="fuzzylite/src/term/Bell.cpp" />
		<Unit filename="fuzzylite/src/term/Constant.cpp" />
		<Unit filename="fuzzylite/src/term/Discrete.cpp" />
		<Unit filename="fuzzylite/src/term/Function.cpp" />
		<Unit filename="fuzzylite/src/term/Gaussian.cpp" />
		<Unit filename="fuzzylite/src/term/GaussianProduct.cpp" />
		<Unit filename="fuzzylite/src/term/Linear.cpp" />
		<Unit filename="fuzzylite/src/term/PiShape.cpp" />
		<Unit filename="fuzzylite/src/term/Ramp.cpp" />
		<Unit filename="fuzzylite/src/term/Rectangle.cpp" />
		<Unit filename="fuzzylite/src/term/SShape.cpp" />
		<Unit filename="fuzzylite/src/term/Sigmoid.cpp" />
		<Unit filename="fuzzylite/src/term/SigmoidDifference.cpp" />
		<Unit filename="fuzzylite/src/term/SigmoidProduct.cpp" />
		<Unit filename="fuzzylite/src/term/Term.cpp" />
		<Unit filename="fuzzylite/src/term/Thresholded.cpp" />
		<Unit filename="fuzzylite/src/term/Trapezoid.cpp" />
		<Unit filename="fuzzylite/src/term/Triangle.cpp" />
		<Unit filename="fuzzylite/src/term/ZShape.cpp" />
		<Unit filename="fuzzylite/src/variable/InputVariable.cpp" />
		<Unit filename="fuzzylite/src/variable/OutputVariable.cpp" />
		<Unit filename="fuzzylite/src/variable/Variable.cpp" />
		<Unit filename="headers/fuzzy_controller.h" />
		<Unit filename="headers/motor_model.h" />
		<Unit filename="headers/sys_top.h" />
		<Unit filename="src/fuzzy_controller.cpp" />
		<Unit filename="src/main.cpp" />
		<Unit filename="src/motor_model.cpp" />
		<Unit filename="src/sys_top.cpp" />
		<Unit filename="systemc-2.3.1/src/sysc/communication/sc_buffer.h" />
		<Unit filename="systemc-2.3.1/src/sysc/communication/sc_clock.cpp" />
		<Unit filename="systemc-2.3.1/src/sysc/communication/sc_clock.h" />
		<Unit filename="systemc-2.3.1/src/sysc/communication/sc_clock_ports.h" />
		<Unit filename="systemc-2.3.1/src/sysc/communication/sc_communication_ids.h" />
		<Unit filename="systemc-2.3.1/src/sysc/communication/sc_event_finder.cpp" />
		<Unit filename="systemc-2.3.1/src/sysc/communication/sc_event_finder.h" />
		<Unit filename="systemc-2.3.1/src/sysc/communication/sc_event_queue.cpp" />
		<Unit filename="systemc-2.3.1/src/sysc/communication/sc_event_queue.h" />
		<Unit filename="systemc-2.3.1/src/sysc/communication/sc_export.cpp" />
		<Unit filename="systemc-2.3.1/src/sysc/communication/sc_export.h" />
		<Unit filename="systemc-2.3.1/src/sysc/communication/sc_fifo.h" />
		<Unit filename="systemc-2.3.1/src/sysc/communication/sc_fifo_ifs.h" />
		<Unit filename="systemc-2.3.1/src/sysc/communication/sc_fifo_ports.h" />
		<Unit filename="systemc-2.3.1/src/sysc/communication/sc_host_mutex.h" />
		<Unit filename="systemc-2.3.1/src/sysc/communication/sc_interface.cpp" />
		<Unit filename="systemc-2.3.1/src/sysc/communication/sc_interface.h" />
		<Unit filename="systemc-2.3.1/src/sysc/communication/sc_mutex.cpp" />
		<Unit filename="systemc-2.3.1/src/sysc/communication/sc_mutex.h" />
		<Unit filename="systemc-2.3.1/src/sysc/communication/sc_mutex_if.h" />
		<Unit filename="systemc-2.3.1/src/sysc/communication/sc_port.cpp" />
		<Unit filename="systemc-2.3.1/src/sysc/communication/sc_port.h" />
		<Unit filename="systemc-2.3.1/src/sysc/communication/sc_prim_channel.cpp" />
		<Unit filename="systemc-2.3.1/src/sysc/communication/sc_prim_channel.h" />
		<Unit filename="systemc-2.3.1/src/sysc/communication/sc_semaphore.cpp" />
		<Unit filename="systemc-2.3.1/src/sysc/communication/sc_semaphore.h" />
		<Unit filename="systemc-2.3.1/src/sysc/communication/sc_semaphore_if.h" />
		<Unit filename="systemc-2.3.1/src/sysc/communication/sc_signal.cpp" />
		<Unit filename="systemc-2.3.1/src/sysc/communication/sc_signal.h" />
		<Unit filename="systemc-2.3.1/src/sysc/communication/sc_signal_ifs.h" />
		<Unit filename="systemc-2.3.1/src/sysc/communication/sc_signal_ports.cpp" />
		<Unit filename="systemc-2.3.1/src/sysc/communication/sc_signal_ports.h" />
		<Unit filename="systemc-2.3.1/src/sysc/communication/sc_signal_resolved.cpp" />
		<Unit filename="systemc-2.3.1/src/sysc/communication/sc_signal_resolved.h" />
		<Unit filename="systemc-2.3.1/src/sysc/communication/sc_signal_resolved_ports.cpp" />
		<Unit filename="systemc-2.3.1/src/sysc/communication/sc_signal_resolved_ports.h" />
		<Unit filename="systemc-2.3.1/src/sysc/communication/sc_signal_rv.h" />
		<Unit filename="systemc-2.3.1/src/sysc/communication/sc_signal_rv_ports.h" />
		<Unit filename="systemc-2.3.1/src/sysc/communication/sc_writer_policy.h" />
		<Unit filename="systemc-2.3.1/src/sysc/datatypes/bit/sc_bit.cpp" />
		<Unit filename="systemc-2.3.1/src/sysc/datatypes/bit/sc_bit.h" />
		<Unit filename="systemc-2.3.1/src/sysc/datatypes/bit/sc_bit_ids.h" />
		<Unit filename="systemc-2.3.1/src/sysc/datatypes/bit/sc_bit_proxies.h" />
		<Unit filename="systemc-2.3.1/src/sysc/datatypes/bit/sc_bv.h" />
		<Unit filename="systemc-2.3.1/src/sysc/datatypes/bit/sc_bv_base.cpp" />
		<Unit filename="systemc-2.3.1/src/sysc/datatypes/bit/sc_bv_base.h" />
		<Unit filename="systemc-2.3.1/src/sysc/datatypes/bit/sc_logic.cpp" />
		<Unit filename="systemc-2.3.1/src/sysc/datatypes/bit/sc_logic.h" />
		<Unit filename="systemc-2.3.1/src/sysc/datatypes/bit/sc_lv.h" />
		<Unit filename="systemc-2.3.1/src/sysc/datatypes/bit/sc_lv_base.cpp" />
		<Unit filename="systemc-2.3.1/src/sysc/datatypes/bit/sc_lv_base.h" />
		<Unit filename="systemc-2.3.1/src/sysc/datatypes/bit/sc_proxy.h" />
		<Unit filename="systemc-2.3.1/src/sysc/datatypes/fx/fx.h" />
		<Unit filename="systemc-2.3.1/src/sysc/datatypes/fx/sc_context.h" />
		<Unit filename="systemc-2.3.1/src/sysc/datatypes/fx/sc_fix.h" />
		<Unit filename="systemc-2.3.1/src/sysc/datatypes/fx/sc_fixed.h" />
		<Unit filename="systemc-2.3.1/src/sysc/datatypes/fx/sc_fx_ids.h" />
		<Unit filename="systemc-2.3.1/src/sysc/datatypes/fx/sc_fxcast_switch.cpp" />
		<Unit filename="systemc-2.3.1/src/sysc/datatypes/fx/sc_fxcast_switch.h" />
		<Unit filename="systemc-2.3.1/src/sysc/datatypes/fx/sc_fxdefs.cpp" />
		<Unit filename="systemc-2.3.1/src/sysc/datatypes/fx/sc_fxdefs.h" />
		<Unit filename="systemc-2.3.1/src/sysc/datatypes/fx/sc_fxnum.cpp" />
		<Unit filename="systemc-2.3.1/src/sysc/datatypes/fx/sc_fxnum.h" />
		<Unit filename="systemc-2.3.1/src/sysc/datatypes/fx/sc_fxnum_observer.cpp" />
		<Unit filename="systemc-2.3.1/src/sysc/datatypes/fx/sc_fxnum_observer.h" />
		<Unit filename="systemc-2.3.1/src/sysc/datatypes/fx/sc_fxtype_params.cpp" />
		<Unit filename="systemc-2.3.1/src/sysc/datatypes/fx/sc_fxtype_params.h" />
		<Unit filename="systemc-2.3.1/src/sysc/datatypes/fx/sc_fxval.cpp" />
		<Unit filename="systemc-2.3.1/src/sysc/datatypes/fx/sc_fxval.h" />
		<Unit filename="systemc-2.3.1/src/sysc/datatypes/fx/sc_fxval_observer.cpp" />
		<Unit filename="systemc-2.3.1/src/sysc/datatypes/fx/sc_fxval_observer.h" />
		<Unit filename="systemc-2.3.1/src/sysc/datatypes/fx/sc_ufix.h" />
		<Unit filename="systemc-2.3.1/src/sysc/datatypes/fx/sc_ufixed.h" />
		<Unit filename="systemc-2.3.1/src/sysc/datatypes/fx/scfx_ieee.h" />
		<Unit filename="systemc-2.3.1/src/sysc/datatypes/fx/scfx_mant.cpp" />
		<Unit filename="systemc-2.3.1/src/sysc/datatypes/fx/scfx_mant.h" />
		<Unit filename="systemc-2.3.1/src/sysc/datatypes/fx/scfx_other_defs.h" />
		<Unit filename="systemc-2.3.1/src/sysc/datatypes/fx/scfx_params.h" />
		<Unit filename="systemc-2.3.1/src/sysc/datatypes/fx/scfx_pow10.cpp" />
		<Unit filename="systemc-2.3.1/src/sysc/datatypes/fx/scfx_pow10.h" />
		<Unit filename="systemc-2.3.1/src/sysc/datatypes/fx/scfx_rep.cpp" />
		<Unit filename="systemc-2.3.1/src/sysc/datatypes/fx/scfx_rep.h" />
		<Unit filename="systemc-2.3.1/src/sysc/datatypes/fx/scfx_string.h" />
		<Unit filename="systemc-2.3.1/src/sysc/datatypes/fx/scfx_utils.cpp" />
		<Unit filename="systemc-2.3.1/src/sysc/datatypes/fx/scfx_utils.h" />
		<Unit filename="systemc-2.3.1/src/sysc/datatypes/int/sc_bigint.h" />
		<Unit filename="systemc-2.3.1/src/sysc/datatypes/int/sc_biguint.h" />
		<Unit filename="systemc-2.3.1/src/sysc/datatypes/int/sc_int.h" />
		<Unit filename="systemc-2.3.1/src/sysc/datatypes/int/sc_int32_mask.cpp" />
		<Unit filename="systemc-2.3.1/src/sysc/datatypes/int/sc_int64_mask.cpp" />
		<Unit filename="systemc-2.3.1/src/sysc/datatypes/int/sc_int_base.cpp" />
		<Unit filename="systemc-2.3.1/src/sysc/datatypes/int/sc_int_base.h" />
		<Unit filename="systemc-2.3.1/src/sysc/datatypes/int/sc_int_ids.h" />
		<Unit filename="systemc-2.3.1/src/sysc/datatypes/int/sc_length_param.cpp" />
		<Unit filename="systemc-2.3.1/src/sysc/datatypes/int/sc_length_param.h" />
		<Unit filename="systemc-2.3.1/src/sysc/datatypes/int/sc_nbdefs.cpp" />
		<Unit filename="systemc-2.3.1/src/sysc/datatypes/int/sc_nbdefs.h" />
		<Unit filename="systemc-2.3.1/src/sysc/datatypes/int/sc_nbexterns.cpp" />
		<Unit filename="systemc-2.3.1/src/sysc/datatypes/int/sc_nbexterns.h" />
		<Unit filename="systemc-2.3.1/src/sysc/datatypes/int/sc_nbutils.cpp" />
		<Unit filename="systemc-2.3.1/src/sysc/datatypes/int/sc_nbutils.h" />
		<Unit filename="systemc-2.3.1/src/sysc/datatypes/int/sc_signed.cpp" />
		<Unit filename="systemc-2.3.1/src/sysc/datatypes/int/sc_signed.h" />
		<Unit filename="systemc-2.3.1/src/sysc/datatypes/int/sc_uint.h" />
		<Unit filename="systemc-2.3.1/src/sysc/datatypes/int/sc_uint_base.cpp" />
		<Unit filename="systemc-2.3.1/src/sysc/datatypes/int/sc_uint_base.h" />
		<Unit filename="systemc-2.3.1/src/sysc/datatypes/int/sc_unsigned.cpp" />
		<Unit filename="systemc-2.3.1/src/sysc/datatypes/int/sc_unsigned.h" />
		<Unit filename="systemc-2.3.1/src/sysc/datatypes/misc/sc_concatref.cpp" />
		<Unit filename="systemc-2.3.1/src/sysc/datatypes/misc/sc_concatref.h" />
		<Unit filename="systemc-2.3.1/src/sysc/datatypes/misc/sc_value_base.cpp" />
		<Unit filename="systemc-2.3.1/src/sysc/datatypes/misc/sc_value_base.h" />
		<Unit filename="systemc-2.3.1/src/sysc/kernel/sc_attribute.cpp" />
		<Unit filename="systemc-2.3.1/src/sysc/kernel/sc_attribute.h" />
		<Unit filename="systemc-2.3.1/src/sysc/kernel/sc_boost.h" />
		<Unit filename="systemc-2.3.1/src/sysc/kernel/sc_cmnhdr.h" />
		<Unit filename="systemc-2.3.1/src/sysc/kernel/sc_constants.h" />
		<Unit filename="systemc-2.3.1/src/sysc/kernel/sc_cor.h" />
		<Unit filename="systemc-2.3.1/src/sysc/kernel/sc_cor_fiber.cpp" />
		<Unit filename="systemc-2.3.1/src/sysc/kernel/sc_cor_fiber.h" />
		<Unit filename="systemc-2.3.1/src/sysc/kernel/sc_cor_pthread.cpp" />
		<Unit filename="systemc-2.3.1/src/sysc/kernel/sc_cor_pthread.h" />
		<Unit filename="systemc-2.3.1/src/sysc/kernel/sc_cor_qt.cpp" />
		<Unit filename="systemc-2.3.1/src/sysc/kernel/sc_cor_qt.h" />
		<Unit filename="systemc-2.3.1/src/sysc/kernel/sc_cthread_process.cpp" />
		<Unit filename="systemc-2.3.1/src/sysc/kernel/sc_cthread_process.h" />
		<Unit filename="systemc-2.3.1/src/sysc/kernel/sc_dynamic_processes.h" />
		<Unit filename="systemc-2.3.1/src/sysc/kernel/sc_event.cpp" />
		<Unit filename="systemc-2.3.1/src/sysc/kernel/sc_event.h" />
		<Unit filename="systemc-2.3.1/src/sysc/kernel/sc_except.cpp" />
		<Unit filename="systemc-2.3.1/src/sysc/kernel/sc_except.h" />
		<Unit filename="systemc-2.3.1/src/sysc/kernel/sc_externs.h" />
		<Unit filename="systemc-2.3.1/src/sysc/kernel/sc_join.cpp" />
		<Unit filename="systemc-2.3.1/src/sysc/kernel/sc_join.h" />
		<Unit filename="systemc-2.3.1/src/sysc/kernel/sc_kernel_ids.h" />
		<Unit filename="systemc-2.3.1/src/sysc/kernel/sc_macros.h" />
		<Unit filename="systemc-2.3.1/src/sysc/kernel/sc_main.cpp" />
		<Unit filename="systemc-2.3.1/src/sysc/kernel/sc_main_main.cpp" />
		<Unit filename="systemc-2.3.1/src/sysc/kernel/sc_method_process.cpp" />
		<Unit filename="systemc-2.3.1/src/sysc/kernel/sc_method_process.h" />
		<Unit filename="systemc-2.3.1/src/sysc/kernel/sc_module.cpp" />
		<Unit filename="systemc-2.3.1/src/sysc/kernel/sc_module.h" />
		<Unit filename="systemc-2.3.1/src/sysc/kernel/sc_module_name.cpp" />
		<Unit filename="systemc-2.3.1/src/sysc/kernel/sc_module_name.h" />
		<Unit filename="systemc-2.3.1/src/sysc/kernel/sc_module_registry.cpp" />
		<Unit filename="systemc-2.3.1/src/sysc/kernel/sc_module_registry.h" />
		<Unit filename="systemc-2.3.1/src/sysc/kernel/sc_name_gen.cpp" />
		<Unit filename="systemc-2.3.1/src/sysc/kernel/sc_name_gen.h" />
		<Unit filename="systemc-2.3.1/src/sysc/kernel/sc_object.cpp" />
		<Unit filename="systemc-2.3.1/src/sysc/kernel/sc_object.h" />
		<Unit filename="systemc-2.3.1/src/sysc/kernel/sc_object_int.h" />
		<Unit filename="systemc-2.3.1/src/sysc/kernel/sc_object_manager.cpp" />
		<Unit filename="systemc-2.3.1/src/sysc/kernel/sc_object_manager.h" />
		<Unit filename="systemc-2.3.1/src/sysc/kernel/sc_phase_callback_registry.cpp" />
		<Unit filename="systemc-2.3.1/src/sysc/kernel/sc_phase_callback_registry.h" />
		<Unit filename="systemc-2.3.1/src/sysc/kernel/sc_process.cpp" />
		<Unit filename="systemc-2.3.1/src/sysc/kernel/sc_process.h" />
		<Unit filename="systemc-2.3.1/src/sysc/kernel/sc_process_handle.h" />
		<Unit filename="systemc-2.3.1/src/sysc/kernel/sc_reset.cpp" />
		<Unit filename="systemc-2.3.1/src/sysc/kernel/sc_reset.h" />
		<Unit filename="systemc-2.3.1/src/sysc/kernel/sc_runnable.h" />
		<Unit filename="systemc-2.3.1/src/sysc/kernel/sc_runnable_int.h" />
		<Unit filename="systemc-2.3.1/src/sysc/kernel/sc_sensitive.cpp" />
		<Unit filename="systemc-2.3.1/src/sysc/kernel/sc_sensitive.h" />
		<Unit filename="systemc-2.3.1/src/sysc/kernel/sc_simcontext.cpp" />
		<Unit filename="systemc-2.3.1/src/sysc/kernel/sc_simcontext.h" />
		<Unit filename="systemc-2.3.1/src/sysc/kernel/sc_simcontext_int.h" />
		<Unit filename="systemc-2.3.1/src/sysc/kernel/sc_spawn.h" />
		<Unit filename="systemc-2.3.1/src/sysc/kernel/sc_spawn_options.cpp" />
		<Unit filename="systemc-2.3.1/src/sysc/kernel/sc_spawn_options.h" />
		<Unit filename="systemc-2.3.1/src/sysc/kernel/sc_status.h" />
		<Unit filename="systemc-2.3.1/src/sysc/kernel/sc_thread_process.cpp" />
		<Unit filename="systemc-2.3.1/src/sysc/kernel/sc_thread_process.h" />
		<Unit filename="systemc-2.3.1/src/sysc/kernel/sc_time.cpp" />
		<Unit filename="systemc-2.3.1/src/sysc/kernel/sc_time.h" />
		<Unit filename="systemc-2.3.1/src/sysc/kernel/sc_ver.cpp" />
		<Unit filename="systemc-2.3.1/src/sysc/kernel/sc_ver.h" />
		<Unit filename="systemc-2.3.1/src/sysc/kernel/sc_wait.cpp" />
		<Unit filename="systemc-2.3.1/src/sysc/kernel/sc_wait.h" />
		<Unit filename="systemc-2.3.1/src/sysc/kernel/sc_wait_cthread.cpp" />
		<Unit filename="systemc-2.3.1/src/sysc/kernel/sc_wait_cthread.h" />
		<Unit filename="systemc-2.3.1/src/sysc/packages/boost/bind.hpp" />
		<Unit filename="systemc-2.3.1/src/sysc/packages/boost/bind/apply.hpp" />
		<Unit filename="systemc-2.3.1/src/sysc/packages/boost/bind/arg.hpp" />
		<Unit filename="systemc-2.3.1/src/sysc/packages/boost/bind/bind_cc.hpp" />
		<Unit filename="systemc-2.3.1/src/sysc/packages/boost/bind/bind_mf_cc.hpp" />
		<Unit filename="systemc-2.3.1/src/sysc/packages/boost/bind/bind_template.hpp" />
		<Unit filename="systemc-2.3.1/src/sysc/packages/boost/bind/make_adaptable.hpp" />
		<Unit filename="systemc-2.3.1/src/sysc/packages/boost/bind/mem_fn_cc.hpp" />
		<Unit filename="systemc-2.3.1/src/sysc/packages/boost/bind/mem_fn_template.hpp" />
		<Unit filename="systemc-2.3.1/src/sysc/packages/boost/bind/mem_fn_vw.hpp" />
		<Unit filename="systemc-2.3.1/src/sysc/packages/boost/bind/placeholders.hpp" />
		<Unit filename="systemc-2.3.1/src/sysc/packages/boost/bind/protect.hpp" />
		<Unit filename="systemc-2.3.1/src/sysc/packages/boost/config.hpp" />
		<Unit filename="systemc-2.3.1/src/sysc/packages/boost/config/compiler/borland.hpp" />
		<Unit filename="systemc-2.3.1/src/sysc/packages/boost/config/compiler/comeau.hpp" />
		<Unit filename="systemc-2.3.1/src/sysc/packages/boost/config/compiler/common_edg.hpp" />
		<Unit filename="systemc-2.3.1/src/sysc/packages/boost/config/compiler/compaq_cxx.hpp" />
		<Unit filename="systemc-2.3.1/src/sysc/packages/boost/config/compiler/digitalmars.hpp" />
		<Unit filename="systemc-2.3.1/src/sysc/packages/boost/config/compiler/gcc.hpp" />
		<Unit filename="systemc-2.3.1/src/sysc/packages/boost/config/compiler/greenhills.hpp" />
		<Unit filename="systemc-2.3.1/src/sysc/packages/boost/config/compiler/hp_acc.hpp" />
		<Unit filename="systemc-2.3.1/src/sysc/packages/boost/config/compiler/intel.hpp" />
		<Unit filename="systemc-2.3.1/src/sysc/packages/boost/config/compiler/kai.hpp" />
		<Unit filename="systemc-2.3.1/src/sysc/packages/boost/config/compiler/metrowerks.hpp" />
		<Unit filename="systemc-2.3.1/src/sysc/packages/boost/config/compiler/mpw.hpp" />
		<Unit filename="systemc-2.3.1/src/sysc/packages/boost/config/compiler/sgi_mipspro.hpp" />
		<Unit filename="systemc-2.3.1/src/sysc/packages/boost/config/compiler/sunpro_cc.hpp" />
		<Unit filename="systemc-2.3.1/src/sysc/packages/boost/config/compiler/vacpp.hpp" />
		<Unit filename="systemc-2.3.1/src/sysc/packages/boost/config/compiler/visualc.hpp" />
		<Unit filename="systemc-2.3.1/src/sysc/packages/boost/config/platform/aix.hpp" />
		<Unit filename="systemc-2.3.1/src/sysc/packages/boost/config/platform/amigaos.hpp" />
		<Unit filename="systemc-2.3.1/src/sysc/packages/boost/config/platform/beos.hpp" />
		<Unit filename="systemc-2.3.1/src/sysc/packages/boost/config/platform/bsd.hpp" />
		<Unit filename="systemc-2.3.1/src/sysc/packages/boost/config/platform/cygwin.hpp" />
		<Unit filename="systemc-2.3.1/src/sysc/packages/boost/config/platform/hpux.hpp" />
		<Unit filename="systemc-2.3.1/src/sysc/packages/boost/config/platform/irix.hpp" />
		<Unit filename="systemc-2.3.1/src/sysc/packages/boost/config/platform/linux.hpp" />
		<Unit filename="systemc-2.3.1/src/sysc/packages/boost/config/platform/macos.hpp" />
		<Unit filename="systemc-2.3.1/src/sysc/packages/boost/config/platform/solaris.hpp" />
		<Unit filename="systemc-2.3.1/src/sysc/packages/boost/config/platform/win32.hpp" />
		<Unit filename="systemc-2.3.1/src/sysc/packages/boost/config/posix_features.hpp" />
		<Unit filename="systemc-2.3.1/src/sysc/packages/boost/config/select_compiler_config.hpp" />
		<Unit filename="systemc-2.3.1/src/sysc/packages/boost/config/select_platform_config.hpp" />
		<Unit filename="systemc-2.3.1/src/sysc/packages/boost/config/select_stdlib_config.hpp" />
		<Unit filename="systemc-2.3.1/src/sysc/packages/boost/config/stdlib/dinkumware.hpp" />
		<Unit filename="systemc-2.3.1/src/sysc/packages/boost/config/stdlib/libcomo.hpp" />
		<Unit filename="systemc-2.3.1/src/sysc/packages/boost/config/stdlib/libstdcpp3.hpp" />
		<Unit filename="systemc-2.3.1/src/sysc/packages/boost/config/stdlib/modena.hpp" />
		<Unit filename="systemc-2.3.1/src/sysc/packages/boost/config/stdlib/msl.hpp" />
		<Unit filename="systemc-2.3.1/src/sysc/packages/boost/config/stdlib/roguewave.hpp" />
		<Unit filename="systemc-2.3.1/src/sysc/packages/boost/config/stdlib/sgi.hpp" />
		<Unit filename="systemc-2.3.1/src/sysc/packages/boost/config/stdlib/stlport.hpp" />
		<Unit filename="systemc-2.3.1/src/sysc/packages/boost/config/stdlib/vacpp.hpp" />
		<Unit filename="systemc-2.3.1/src/sysc/packages/boost/config/suffix.hpp" />
		<Unit filename="systemc-2.3.1/src/sysc/packages/boost/config/user.hpp" />
		<Unit filename="systemc-2.3.1/src/sysc/packages/boost/detail/endian.hpp" />
		<Unit filename="systemc-2.3.1/src/sysc/packages/boost/detail/workaround.hpp" />
		<Unit filename="systemc-2.3.1/src/sysc/packages/boost/get_pointer.hpp" />
		<Unit filename="systemc-2.3.1/src/sysc/packages/boost/mem_fn.hpp" />
		<Unit filename="systemc-2.3.1/src/sysc/packages/boost/mpl/aux_/adl_barrier.hpp" />
		<Unit filename="systemc-2.3.1/src/sysc/packages/boost/mpl/aux_/config/adl.hpp" />
		<Unit filename="systemc-2.3.1/src/sysc/packages/boost/mpl/aux_/config/gcc.hpp" />
		<Unit filename="systemc-2.3.1/src/sysc/packages/boost/mpl/aux_/config/intel.hpp" />
		<Unit filename="systemc-2.3.1/src/sysc/packages/boost/mpl/aux_/config/msvc.hpp" />
		<Unit filename="systemc-2.3.1/src/sysc/packages/boost/mpl/aux_/config/static_constant.hpp" />
		<Unit filename="systemc-2.3.1/src/sysc/packages/boost/mpl/aux_/config/workaround.hpp" />
		<Unit filename="systemc-2.3.1/src/sysc/packages/boost/mpl/bool.hpp" />
		<Unit filename="systemc-2.3.1/src/sysc/packages/boost/mpl/bool_fwd.hpp" />
		<Unit filename="systemc-2.3.1/src/sysc/packages/boost/mpl/integral_c_tag.hpp" />
		<Unit filename="systemc-2.3.1/src/sysc/packages/boost/non_type.hpp" />
		<Unit filename="systemc-2.3.1/src/sysc/packages/boost/ref.hpp" />
		<Unit filename="systemc-2.3.1/src/sysc/packages/boost/type.hpp" />
		<Unit filename="systemc-2.3.1/src/sysc/packages/boost/utility/addressof.hpp" />
		<Unit filename="systemc-2.3.1/src/sysc/packages/boost/utility/enable_if.hpp" />
		<Unit filename="systemc-2.3.1/src/sysc/tracing/sc_trace.cpp" />
		<Unit filename="systemc-2.3.1/src/sysc/tracing/sc_trace.h" />
		<Unit filename="systemc-2.3.1/src/sysc/tracing/sc_trace_file_base.cpp" />
		<Unit filename="systemc-2.3.1/src/sysc/tracing/sc_trace_file_base.h" />
		<Unit filename="systemc-2.3.1/src/sysc/tracing/sc_tracing_ids.h" />
		<Unit filename="systemc-2.3.1/src/sysc/tracing/sc_vcd_trace.cpp" />
		<Unit filename="systemc-2.3.1/src/sysc/tracing/sc_vcd_trace.h" />
		<Unit filename="systemc-2.3.1/src/sysc/tracing/sc_wif_trace.cpp" />
		<Unit filename="systemc-2.3.1/src/sysc/tracing/sc_wif_trace.h" />
		<Unit filename="systemc-2.3.1/src/sysc/utils/sc_hash.cpp" />
		<Unit filename="systemc-2.3.1/src/sysc/utils/sc_hash.h" />
		<Unit filename="systemc-2.3.1/src/sysc/utils/sc_iostream.h" />
		<Unit filename="systemc-2.3.1/src/sysc/utils/sc_list.cpp" />
		<Unit filename="systemc-2.3.1/src/sysc/utils/sc_list.h" />
		<Unit filename="systemc-2.3.1/src/sysc/utils/sc_machine.h" />
		<Unit filename="systemc-2.3.1/src/sysc/utils/sc_mempool.cpp" />
		<Unit filename="systemc-2.3.1/src/sysc/utils/sc_mempool.h" />
		<Unit filename="systemc-2.3.1/src/sysc/utils/sc_pq.cpp" />
		<Unit filename="systemc-2.3.1/src/sysc/utils/sc_pq.h" />
		<Unit filename="systemc-2.3.1/src/sysc/utils/sc_pvector.h" />
		<Unit filename="systemc-2.3.1/src/sysc/utils/sc_report.cpp" />
		<Unit filename="systemc-2.3.1/src/sysc/utils/sc_report.h" />
		<Unit filename="systemc-2.3.1/src/sysc/utils/sc_report_handler.cpp" />
		<Unit filename="systemc-2.3.1/src/sysc/utils/sc_report_handler.h" />
		<Unit filename="systemc-2.3.1/src/sysc/utils/sc_stop_here.cpp" />
		<Unit filename="systemc-2.3.1/src/sysc/utils/sc_stop_here.h" />
		<Unit filename="systemc-2.3.1/src/sysc/utils/sc_string.cpp" />
		<Unit filename="systemc-2.3.1/src/sysc/utils/sc_string.h" />
		<Unit filename="systemc-2.3.1/src/sysc/utils/sc_temporary.h" />
		<Unit filename="systemc-2.3.1/src/sysc/utils/sc_utils_ids.cpp" />
		<Unit filename="systemc-2.3.1/src/sysc/utils/sc_utils_ids.h" />
		<Unit filename="systemc-2.3.1/src/sysc/utils/sc_vector.cpp" />
		<Unit filename="systemc-2.3.1/src/sysc/utils/sc_vector.h" />
		<Unit filename="systemc-2.3.1/src/systemc.h" />
		<Unit filename="systemc-2.3.1/src/tlm.h" />
		<Unit filename="systemc-2.3.1/src/tlm_core/tlm_1/tlm_analysis/tlm_analysis.h" />
		<Unit filename="systemc-2.3.1/src/tlm_core/tlm_1/tlm_analysis/tlm_analysis_fifo.h" />
		<Unit filename="systemc-2.3.1/src/tlm_core/tlm_1/tlm_analysis/tlm_analysis_if.h" />
		<Unit filename="systemc-2.3.1/src/tlm_core/tlm_1/tlm_analysis/tlm_analysis_port.h" />
		<Unit filename="systemc-2.3.1/src/tlm_core/tlm_1/tlm_analysis/tlm_analysis_triple.h" />
		<Unit filename="systemc-2.3.1/src/tlm_core/tlm_1/tlm_analysis/tlm_write_if.h" />
		<Unit filename="systemc-2.3.1/src/tlm_core/tlm_1/tlm_req_rsp/tlm_1_interfaces/tlm_core_ifs.h" />
		<Unit filename="systemc-2.3.1/src/tlm_core/tlm_1/tlm_req_rsp/tlm_1_interfaces/tlm_fifo_ifs.h" />
		<Unit filename="systemc-2.3.1/src/tlm_core/tlm_1/tlm_req_rsp/tlm_1_interfaces/tlm_master_slave_ifs.h" />
		<Unit filename="systemc-2.3.1/src/tlm_core/tlm_1/tlm_req_rsp/tlm_1_interfaces/tlm_tag.h" />
		<Unit filename="systemc-2.3.1/src/tlm_core/tlm_1/tlm_req_rsp/tlm_adapters/tlm_adapters.h" />
		<Unit filename="systemc-2.3.1/src/tlm_core/tlm_1/tlm_req_rsp/tlm_channels/tlm_fifo/circular_buffer.h" />
		<Unit filename="systemc-2.3.1/src/tlm_core/tlm_1/tlm_req_rsp/tlm_channels/tlm_fifo/tlm_fifo.h" />
		<Unit filename="systemc-2.3.1/src/tlm_core/tlm_1/tlm_req_rsp/tlm_channels/tlm_fifo/tlm_fifo_peek.h" />
		<Unit filename="systemc-2.3.1/src/tlm_core/tlm_1/tlm_req_rsp/tlm_channels/tlm_fifo/tlm_fifo_put_get.h" />
		<Unit filename="systemc-2.3.1/src/tlm_core/tlm_1/tlm_req_rsp/tlm_channels/tlm_fifo/tlm_fifo_resize.h" />
		<Unit filename="systemc-2.3.1/src/tlm_core/tlm_1/tlm_req_rsp/tlm_channels/tlm_req_rsp_channels/tlm_put_get_imp.h" />
		<Unit filename="systemc-2.3.1/src/tlm_core/tlm_1/tlm_req_rsp/tlm_channels/tlm_req_rsp_channels/tlm_req_rsp_channels.h" />
		<Unit filename="systemc-2.3.1/src/tlm_core/tlm_1/tlm_req_rsp/tlm_ports/tlm_event_finder.h" />
		<Unit filename="systemc-2.3.1/src/tlm_core/tlm_1/tlm_req_rsp/tlm_ports/tlm_nonblocking_port.h" />
		<Unit filename="systemc-2.3.1/src/tlm_core/tlm_1/tlm_req_rsp/tlm_req_rsp.h" />
		<Unit filename="systemc-2.3.1/src/tlm_core/tlm_2/tlm_2_interfaces/tlm_2_interfaces.h" />
		<Unit filename="systemc-2.3.1/src/tlm_core/tlm_2/tlm_2_interfaces/tlm_dmi.h" />
		<Unit filename="systemc-2.3.1/src/tlm_core/tlm_2/tlm_2_interfaces/tlm_fw_bw_ifs.h" />
		<Unit filename="systemc-2.3.1/src/tlm_core/tlm_2/tlm_generic_payload/tlm_array.h" />
		<Unit filename="systemc-2.3.1/src/tlm_core/tlm_2/tlm_generic_payload/tlm_endian_conv.h" />
		<Unit filename="systemc-2.3.1/src/tlm_core/tlm_2/tlm_generic_payload/tlm_generic_payload.h" />
		<Unit filename="systemc-2.3.1/src/tlm_core/tlm_2/tlm_generic_payload/tlm_gp.h" />
		<Unit filename="systemc-2.3.1/src/tlm_core/tlm_2/tlm_generic_payload/tlm_helpers.h" />
		<Unit filename="systemc-2.3.1/src/tlm_core/tlm_2/tlm_generic_payload/tlm_phase.h" />
		<Unit filename="systemc-2.3.1/src/tlm_core/tlm_2/tlm_quantum/tlm_global_quantum.h" />
		<Unit filename="systemc-2.3.1/src/tlm_core/tlm_2/tlm_quantum/tlm_quantum.h" />
		<Unit filename="systemc-2.3.1/src/tlm_core/tlm_2/tlm_sockets/tlm_initiator_socket.h" />
		<Unit filename="systemc-2.3.1/src/tlm_core/tlm_2/tlm_sockets/tlm_sockets.h" />
		<Unit filename="systemc-2.3.1/src/tlm_core/tlm_2/tlm_sockets/tlm_target_socket.h" />
		<Unit filename="systemc-2.3.1/src/tlm_core/tlm_2/tlm_version.h" />
		<Unit filename="systemc-2.3.1/src/tlm_utils/instance_specific_extensions.h" />
		<Unit filename="systemc-2.3.1/src/tlm_utils/multi_passthrough_initiator_socket.h" />
		<Unit filename="systemc-2.3.1/src/tlm_utils/multi_passthrough_target_socket.h" />
		<Unit filename="systemc-2.3.1/src/tlm_utils/multi_socket_bases.h" />
		<Unit filename="systemc-2.3.1/src/tlm_utils/passthrough_target_socket.h" />
		<Unit filename="systemc-2.3.1/src/tlm_utils/peq_with_cb_and_phase.h" />
		<Unit filename="systemc-2.3.1/src/tlm_utils/peq_with_get.h" />
		<Unit filename="systemc-2.3.1/src/tlm_utils/simple_initiator_socket.h" />
		<Unit filename="systemc-2.3.1/src/tlm_utils/simple_target_socket.h" />
		<Unit filename="systemc-2.3.1/src/tlm_utils/tlm_quantumkeeper.h" />
		<Extensions>
			<code_completion />
			<envvars />
			<debugger />
		</Extensions>
	</Project>
</CodeBlocks_project_file>
